
Microsoft Visual Studio Solution File, Format Version 12.00
# Visual Studio 15
VisualStudioVersion = 15.0.26403.0
MinimumVisualStudioVersion = 10.0.40219.1
Project("{FAE04EC0-301F-11D3-BF4B-00C04F79EFBC}") = "SimpleExplort", "SimpleExplort.csproj", "{24B3B787-D877-4367-B2EF-F21D8F8285C2}"
EndProject
Project("{FAE04EC0-301F-11D3-BF4B-00C04F79EFBC}") = "Demo", "..\Demo\Demo.csproj", "{41A4EB5F-4CC0-4D47-B289-0DC84706B147}"
EndProject
Project("{FAE04EC0-301F-11D3-BF4B-00C04F79EFBC}") = "WebSite", "..\WebSite\WebSite.csproj", "{4AD9FEF7-CACB-4145-9566-67EB0748FEDF}"
EndProject
Global
	GlobalSection(SolutionConfigurationPlatforms) = preSolution
		Debug|Any CPU = Debug|Any CPU
		Release|Any CPU = Release|Any CPU
	EndGlobalSection
	GlobalSection(ProjectConfigurationPlatforms) = postSolution
		{24B3B787-D877-4367-B2EF-F21D8F8285C2}.Debug|Any CPU.ActiveCfg = Debug|Any CPU
		{24B3B787-D877-4367-B2EF-F21D8F8285C2}.Debug|Any CPU.Build.0 = Debug|Any CPU
		{24B3B787-D877-4367-B2EF-F21D8F8285C2}.Release|Any CPU.ActiveCfg = Release|Any CPU
		{24B3B787-D877-4367-B2EF-F21D8F8285C2}.Release|Any CPU.Build.0 = Release|Any CPU
		{41A4EB5F-4CC0-4D47-B289-0DC84706B147}.Debug|Any CPU.ActiveCfg = Debug|Any CPU
		{41A4EB5F-4CC0-4D47-B289-0DC84706B147}.Debug|Any CPU.Build.0 = Debug|Any CPU
		{41A4EB5F-4CC0-4D47-B289-0DC84706B147}.Release|Any CPU.ActiveCfg = Release|Any CPU
		{41A4EB5F-4CC0-4D47-B289-0DC84706B147}.Release|Any CPU.Build.0 = Release|Any CPU
		{4AD9FEF7-CACB-4145-9566-67EB0748FEDF}.Debug|Any CPU.ActiveCfg = Debug|Any CPU
		{4AD9FEF7-CACB-4145-9566-67EB0748FEDF}.Debug|Any CPU.Build.0 = Debug|Any CPU
		{4AD9FEF7-CACB-4145-9566-67EB0748FEDF}.Release|Any CPU.ActiveCfg = Release|Any CPU
		{4AD9FEF7-CACB-4145-9566-67EB0748FEDF}.Release|Any CPU.Build.0 = Release|Any CPU
	EndGlobalSection
	GlobalSection(SolutionProperties) = preSolution
		HideSolutionNode = FALSE
	EndGlobalSection
EndGlobal
